<?xml version="1.0" encoding="utf-8"?>
<Project ToolsVersion="4.0" xmlns="http://schemas.microsoft.com/developer/msbuild/2003">
  <ItemGroup>
    <Filter Include="Shaders">
      <UniqueIdentifier>{0272b1dc-0e6c-4dba-971c-728dd2d94b84}</UniqueIdentifier>
    </Filter>
    <Filter Include="Graphics Engine">
      <UniqueIdentifier>{b291fa7b-2212-4282-9307-7d61f14a4fda}</UniqueIdentifier>
    </Filter>
    <Filter Include="Main Program">
      <UniqueIdentifier>{2aba1677-51ba-4ef0-bab7-7f504dee9033}</UniqueIdentifier>
    </Filter>
  </ItemGroup>
  <ItemGroup>
    <ClCompile Include="BrickpongException.cpp">
      <Filter>Main Program</Filter>
    </ClCompile>
    <ClCompile Include="main.cpp">
      <Filter>Main Program</Filter>
    </ClCompile>
    <ClCompile Include="Graphics Engine\EBO.cpp">
      <Filter>Graphics Engine</Filter>
    </ClCompile>
    <ClCompile Include="Graphics Engine\Shader.cpp">
      <Filter>Graphics Engine</Filter>
    </ClCompile>
    <ClCompile Include="Graphics Engine\ShaderProgram.cpp">
      <Filter>Graphics Engine</Filter>
    </ClCompile>
    <ClCompile Include="Graphics Engine\VAO.cpp">
      <Filter>Graphics Engine</Filter>
    </ClCompile>
    <ClCompile Include="Graphics Engine\VBO.cpp">
      <Filter>Graphics Engine</Filter>
    </ClCompile>
    <ClCompile Include="Graphics Engine\Window.cpp">
      <Filter>Graphics Engine</Filter>
    </ClCompile>
  </ItemGroup>
  <ItemGroup>
    <ClInclude Include="main.h">
      <Filter>Main Program</Filter>
    </ClInclude>
    <ClInclude Include="BrickpongException.h">
      <Filter>Main Program</Filter>
    </ClInclude>
    <ClInclude Include="Graphics Engine\EBO.h">
      <Filter>Graphics Engine</Filter>
    </ClInclude>
    <ClInclude Include="Graphics Engine\Graphics Engine.h">
      <Filter>Graphics Engine</Filter>
    </ClInclude>
    <ClInclude Include="Graphics Engine\Shader.h">
      <Filter>Graphics Engine</Filter>
    </ClInclude>
    <ClInclude Include="Graphics Engine\ShaderProgram.h">
      <Filter>Graphics Engine</Filter>
    </ClInclude>
    <ClInclude Include="Graphics Engine\VAO.h">
      <Filter>Graphics Engine</Filter>
    </ClInclude>
    <ClInclude Include="Graphics Engine\VBO.h">
      <Filter>Graphics Engine</Filter>
    </ClInclude>
    <ClInclude Include="Graphics Engine\Window.h">
      <Filter>Graphics Engine</Filter>
    </ClInclude>
  </ItemGroup>
  <ItemGroup>
    <None Include="shaders\Simple.frag">
      <Filter>Shaders</Filter>
    </None>
    <None Include="shaders\Simple.vert">
      <Filter>Shaders</Filter>
    </None>
  </ItemGroup>
</Project>