<?xml version="1.0" encoding="utf-8"?>
<Project ToolsVersion="4.0" xmlns="http://schemas.microsoft.com/developer/msbuild/2003">
  <ItemGroup>
    <Filter Include="Source Files">
      <UniqueIdentifier>{4FC737F1-C7A5-4376-A066-2A32D752A2FF}</UniqueIdentifier>
      <Extensions>cpp;c;cc;cxx;def;odl;idl;hpj;bat;asm;asmx</Extensions>
    </Filter>
    <Filter Include="Header Files">
      <UniqueIdentifier>{93995380-89BD-4b04-88EB-625FBE52EBFB}</UniqueIdentifier>
      <Extensions>h;hh;hpp;hxx;hm;inl;inc;xsd</Extensions>
    </Filter>
    <Filter Include="Resource Files">
      <UniqueIdentifier>{67DA6AB6-F800-4c08-8B7A-83BB121AAD01}</UniqueIdentifier>
      <Extensions>rc;ico;cur;bmp;dlg;rc2;rct;bin;rgs;gif;jpg;jpeg;jpe;resx;tiff;tif;png;wav;mfcribbon-ms</Extensions>
    </Filter>
    <Filter Include="Shaders">
      <UniqueIdentifier>{0272b1dc-0e6c-4dba-971c-728dd2d94b84}</UniqueIdentifier>
    </Filter>
    <Filter Include="Graphics Engine">
      <UniqueIdentifier>{b291fa7b-2212-4282-9307-7d61f14a4fda}</UniqueIdentifier>
    </Filter>
    <Filter Include="Graphics Engine\Header Files">
      <UniqueIdentifier>{15cddfdf-b3bf-40c3-98a3-0dc45744ec32}</UniqueIdentifier>
    </Filter>
    <Filter Include="Graphics Engine\Source Files">
      <UniqueIdentifier>{1c8d16c4-e0b9-4b80-b9ff-236e54c7e92a}</UniqueIdentifier>
    </Filter>
    <Filter Include="Physics Engine">
      <UniqueIdentifier>{637e6c3f-14f1-4212-aabf-7dece046c79b}</UniqueIdentifier>
    </Filter>
    <Filter Include="Physics Engine\Header Files">
      <UniqueIdentifier>{91278ef5-7cd0-45f8-bd09-03128bf488a5}</UniqueIdentifier>
    </Filter>
    <Filter Include="Physics Engine\Source Files">
      <UniqueIdentifier>{a216dad7-f766-493a-ab1b-fcaeae93bad0}</UniqueIdentifier>
    </Filter>
  </ItemGroup>
  <ItemGroup>
    <ClCompile Include="main.cpp">
      <Filter>Source Files</Filter>
    </ClCompile>
    <ClCompile Include="BrickpongException.cpp">
      <Filter>Source Files</Filter>
    </ClCompile>
    <ClCompile Include="Graphics Engine\EBO.cpp">
      <Filter>Graphics Engine\Source Files</Filter>
    </ClCompile>
    <ClCompile Include="Graphics Engine\Shader.cpp">
      <Filter>Graphics Engine\Source Files</Filter>
    </ClCompile>
    <ClCompile Include="Graphics Engine\ShaderProgram.cpp">
      <Filter>Graphics Engine\Source Files</Filter>
    </ClCompile>
    <ClCompile Include="Graphics Engine\VAO.cpp">
      <Filter>Graphics Engine\Source Files</Filter>
    </ClCompile>
    <ClCompile Include="Graphics Engine\VBO.cpp">
      <Filter>Graphics Engine\Source Files</Filter>
    </ClCompile>
    <ClCompile Include="Graphics Engine\Window.cpp">
      <Filter>Graphics Engine\Source Files</Filter>
    </ClCompile>
    <ClCompile Include="Physics Engine\Body.cpp">
      <Filter>Physics Engine\Source Files</Filter>
    </ClCompile>
    <ClCompile Include="Physics Engine\PhysicsMaterial.cpp">
      <Filter>Physics Engine\Source Files</Filter>
    </ClCompile>
    <ClCompile Include="Physics Engine\AABB.cpp">
      <Filter>Physics Engine\Source Files</Filter>
    </ClCompile>
    <ClCompile Include="Physics Engine\Circle.cpp">
      <Filter>Physics Engine\Source Files</Filter>
    </ClCompile>
    <ClCompile Include="Physics Engine\BodyAABB.cpp">
      <Filter>Physics Engine\Source Files</Filter>
    </ClCompile>
    <ClCompile Include="Physics Engine\BodyCircle.cpp">
      <Filter>Physics Engine\Source Files</Filter>
    </ClCompile>
    <ClCompile Include="Physics Engine\Collision.cpp">
      <Filter>Physics Engine\Source Files</Filter>
    </ClCompile>
  </ItemGroup>
  <ItemGroup>
    <ClInclude Include="BrickpongException.h">
      <Filter>Header Files</Filter>
    </ClInclude>
    <ClInclude Include="Graphics Engine\EBO.h">
      <Filter>Graphics Engine\Header Files</Filter>
    </ClInclude>
    <ClInclude Include="Graphics Engine\Shader.h">
      <Filter>Graphics Engine\Header Files</Filter>
    </ClInclude>
    <ClInclude Include="Graphics Engine\ShaderProgram.h">
      <Filter>Graphics Engine\Header Files</Filter>
    </ClInclude>
    <ClInclude Include="Graphics Engine\VAO.h">
      <Filter>Graphics Engine\Header Files</Filter>
    </ClInclude>
    <ClInclude Include="Graphics Engine\VBO.h">
      <Filter>Graphics Engine\Header Files</Filter>
    </ClInclude>
    <ClInclude Include="Graphics Engine\Window.h">
      <Filter>Graphics Engine\Header Files</Filter>
    </ClInclude>
    <ClInclude Include="Physics Engine\Body.h">
      <Filter>Physics Engine\Header Files</Filter>
    </ClInclude>
    <ClInclude Include="Physics Engine\PhysicsMaterial.h">
      <Filter>Physics Engine\Header Files</Filter>
    </ClInclude>
    <ClInclude Include="Physics Engine\AABB.h">
      <Filter>Physics Engine\Header Files</Filter>
    </ClInclude>
    <ClInclude Include="Physics Engine\Circle.h">
      <Filter>Physics Engine\Header Files</Filter>
    </ClInclude>
    <ClInclude Include="Physics Engine\BodyAABB.h">
      <Filter>Physics Engine\Header Files</Filter>
    </ClInclude>
    <ClInclude Include="Physics Engine\BodyCircle.h">
      <Filter>Physics Engine\Header Files</Filter>
    </ClInclude>
    <ClInclude Include="Physics Engine\Collision.h">
      <Filter>Physics Engine\Header Files</Filter>
    </ClInclude>
    <ClInclude Include="main.h">
      <Filter>Header Files</Filter>
    </ClInclude>
    <ClInclude Include="Graphics Engine\Graphics Engine.h">
      <Filter>Graphics Engine\Header Files</Filter>
    </ClInclude>
    <ClInclude Include="Physics Engine\Physics Engine.h">
      <Filter>Physics Engine\Header Files</Filter>
    </ClInclude>
  </ItemGroup>
  <ItemGroup>
    <None Include="shaders\Simple.frag">
      <Filter>Shaders</Filter>
    </None>
    <None Include="shaders\Simple.vert">
      <Filter>Shaders</Filter>
    </None>
  </ItemGroup>
</Project>