// !$*UTF8*$!
{
	archiveVersion = 1;
	classes = {
	};
	objectVersion = 46;
	objects = {

/* Begin PBXBuildFile section */
		E907F50F198F7958003FE113 /* Simple.frag in CopyFiles */ = {isa = PBXBuildFile; fileRef = E907F50B198F773C003FE113 /* Simple.frag */; };
		E907F510198F7958003FE113 /* Simple.vert in CopyFiles */ = {isa = PBXBuildFile; fileRef = E907F50C198F773C003FE113 /* Simple.vert */; };
		E96D6F8219A2A6F4004C6BEB /* libfreetype.a in Frameworks */ = {isa = PBXBuildFile; fileRef = E96D6F8119A2A6F4004C6BEB /* libfreetype.a */; };
		E97CE0BE1996B29800FEA53C /* PhysicsSolver.cpp in Sources */ = {isa = PBXBuildFile; fileRef = E97CE0BC1996B29800FEA53C /* PhysicsSolver.cpp */; };
		E9A1BA7719A1357D00CE01B1 /* libglfw.3.1.dylib in Frameworks */ = {isa = PBXBuildFile; fileRef = E9A1BA7619A1357D00CE01B1 /* libglfw.3.1.dylib */; };
		E9A1BA7919A1359100CE01B1 /* libassimp64d.3.1.1.dylib in Frameworks */ = {isa = PBXBuildFile; fileRef = E9A1BA7819A1359100CE01B1 /* libassimp64d.3.1.1.dylib */; };
		E9A1BA7B19A135A800CE01B1 /* libBox2D.2.3.0.dylib in Frameworks */ = {isa = PBXBuildFile; fileRef = E9A1BA7A19A135A800CE01B1 /* libBox2D.2.3.0.dylib */; };
		E9A1BA8019A135EA00CE01B1 /* libBox2D.2.3.0.dylib in CopyFiles */ = {isa = PBXBuildFile; fileRef = E9A1BA7A19A135A800CE01B1 /* libBox2D.2.3.0.dylib */; };
		E9A1BA8119A135EA00CE01B1 /* libassimp64d.3.1.1.dylib in CopyFiles */ = {isa = PBXBuildFile; fileRef = E9A1BA7819A1359100CE01B1 /* libassimp64d.3.1.1.dylib */; };
		E9A1BA8219A135EA00CE01B1 /* libglfw.3.1.dylib in CopyFiles */ = {isa = PBXBuildFile; fileRef = E9A1BA7619A1357D00CE01B1 /* libglfw.3.1.dylib */; };
		E9C72889199401C800D91BB0 /* AABB.cpp in Sources */ = {isa = PBXBuildFile; fileRef = E9C7287A199401C800D91BB0 /* AABB.cpp */; };
		E9C7288A199401C800D91BB0 /* Body.cpp in Sources */ = {isa = PBXBuildFile; fileRef = E9C7287C199401C800D91BB0 /* Body.cpp */; };
		E9C7288B199401C800D91BB0 /* BodyAABB.cpp in Sources */ = {isa = PBXBuildFile; fileRef = E9C7287E199401C800D91BB0 /* BodyAABB.cpp */; };
		E9C7288C199401C800D91BB0 /* BodyCircle.cpp in Sources */ = {isa = PBXBuildFile; fileRef = E9C72880199401C800D91BB0 /* BodyCircle.cpp */; };
		E9C7288D199401C800D91BB0 /* Circle.cpp in Sources */ = {isa = PBXBuildFile; fileRef = E9C72882199401C800D91BB0 /* Circle.cpp */; };
		E9C7288E199401C800D91BB0 /* Collision.cpp in Sources */ = {isa = PBXBuildFile; fileRef = E9C72884199401C800D91BB0 /* Collision.cpp */; };
		E9C7288F199401C800D91BB0 /* PhysicsMaterial.cpp in Sources */ = {isa = PBXBuildFile; fileRef = E9C72887199401C800D91BB0 /* PhysicsMaterial.cpp */; };
		E9D9468D198FDCE20082E1C1 /* BrickpongException.cpp in Sources */ = {isa = PBXBuildFile; fileRef = E9D94682198FDCE20082E1C1 /* BrickpongException.cpp */; };
		E9D9468E198FDCE20082E1C1 /* ShaderProgram.cpp in Sources */ = {isa = PBXBuildFile; fileRef = E9D94685198FDCE20082E1C1 /* ShaderProgram.cpp */; };
		E9D9468F198FDCE20082E1C1 /* VAO.cpp in Sources */ = {isa = PBXBuildFile; fileRef = E9D94687198FDCE20082E1C1 /* VAO.cpp */; };
		E9D94690198FDCE20082E1C1 /* VBO.cpp in Sources */ = {isa = PBXBuildFile; fileRef = E9D94689198FDCE20082E1C1 /* VBO.cpp */; };
		E9D94691198FDCE20082E1C1 /* Window.cpp in Sources */ = {isa = PBXBuildFile; fileRef = E9D9468B198FDCE20082E1C1 /* Window.cpp */; };
		E9D94693198FDCF80082E1C1 /* Shader.cpp in Sources */ = {isa = PBXBuildFile; fileRef = E9D94692198FDCF80082E1C1 /* Shader.cpp */; };
		E9D9F580198FEDF900F86DCE /* EBO.cpp in Sources */ = {isa = PBXBuildFile; fileRef = E9D9F57E198FEDF900F86DCE /* EBO.cpp */; };
		E9F2A8761968F8690011EAAF /* main.cpp in Sources */ = {isa = PBXBuildFile; fileRef = E9F2A8751968F8690011EAAF /* main.cpp */; };
		E9F2A8851968FE310011EAAF /* OpenGL.framework in Frameworks */ = {isa = PBXBuildFile; fileRef = E9F2A8841968FE310011EAAF /* OpenGL.framework */; };
/* End PBXBuildFile section */

/* Begin PBXCopyFilesBuildPhase section */
		E9A1BA7E19A135C600CE01B1 /* CopyFiles */ = {
			isa = PBXCopyFilesBuildPhase;
			buildActionMask = 2147483647;
			dstPath = lib;
			dstSubfolderSpec = 16;
			files = (
				E9A1BA8019A135EA00CE01B1 /* libBox2D.2.3.0.dylib in CopyFiles */,
				E9A1BA8119A135EA00CE01B1 /* libassimp64d.3.1.1.dylib in CopyFiles */,
				E9A1BA8219A135EA00CE01B1 /* libglfw.3.1.dylib in CopyFiles */,
			);
			runOnlyForDeploymentPostprocessing = 0;
		};
		E9F2A8701968F8690011EAAF /* CopyFiles */ = {
			isa = PBXCopyFilesBuildPhase;
			buildActionMask = 12;
			dstPath = shaders;
			dstSubfolderSpec = 16;
			files = (
				E907F50F198F7958003FE113 /* Simple.frag in CopyFiles */,
				E907F510198F7958003FE113 /* Simple.vert in CopyFiles */,
			);
			runOnlyForDeploymentPostprocessing = 0;
		};
/* End PBXCopyFilesBuildPhase section */

/* Begin PBXFileReference section */
		E907F50B198F773C003FE113 /* Simple.frag */ = {isa = PBXFileReference; fileEncoding = 4; lastKnownFileType = sourcecode.glsl; path = Simple.frag; sourceTree = "<group>"; };
		E907F50C198F773C003FE113 /* Simple.vert */ = {isa = PBXFileReference; fileEncoding = 4; lastKnownFileType = sourcecode.glsl; path = Simple.vert; sourceTree = "<group>"; };
		E96D6F8119A2A6F4004C6BEB /* libfreetype.a */ = {isa = PBXFileReference; lastKnownFileType = archive.ar; name = libfreetype.a; path = ../biblioteki/build/freetype/osx/lib/libfreetype.a; sourceTree = "<group>"; };
		E97CE0BC1996B29800FEA53C /* PhysicsSolver.cpp */ = {isa = PBXFileReference; fileEncoding = 4; lastKnownFileType = sourcecode.cpp.cpp; path = PhysicsSolver.cpp; sourceTree = "<group>"; };
		E97CE0BD1996B29800FEA53C /* PhysicsSolver.h */ = {isa = PBXFileReference; fileEncoding = 4; lastKnownFileType = sourcecode.c.h; path = PhysicsSolver.h; sourceTree = "<group>"; };
		E9A1BA7619A1357D00CE01B1 /* libglfw.3.1.dylib */ = {isa = PBXFileReference; lastKnownFileType = "compiled.mach-o.dylib"; name = libglfw.3.1.dylib; path = ../biblioteki/build/glfw/osx/lib64/libglfw.3.1.dylib; sourceTree = "<group>"; };
		E9A1BA7819A1359100CE01B1 /* libassimp64d.3.1.1.dylib */ = {isa = PBXFileReference; lastKnownFileType = "compiled.mach-o.dylib"; name = libassimp64d.3.1.1.dylib; path = ../biblioteki/build/assimp/osx/lib/libassimp64d.3.1.1.dylib; sourceTree = "<group>"; };
		E9A1BA7A19A135A800CE01B1 /* libBox2D.2.3.0.dylib */ = {isa = PBXFileReference; lastKnownFileType = "compiled.mach-o.dylib"; name = libBox2D.2.3.0.dylib; path = ../biblioteki/build/box2d/osx/lib/libBox2D.2.3.0.dylib; sourceTree = "<group>"; };
		E9C72878199401BC00D91BB0 /* main.h */ = {isa = PBXFileReference; fileEncoding = 4; lastKnownFileType = sourcecode.c.h; path = main.h; sourceTree = "<group>"; };
		E9C7287A199401C800D91BB0 /* AABB.cpp */ = {isa = PBXFileReference; fileEncoding = 4; lastKnownFileType = sourcecode.cpp.cpp; path = AABB.cpp; sourceTree = "<group>"; };
		E9C7287B199401C800D91BB0 /* AABB.h */ = {isa = PBXFileReference; fileEncoding = 4; lastKnownFileType = sourcecode.c.h; path = AABB.h; sourceTree = "<group>"; };
		E9C7287C199401C800D91BB0 /* Body.cpp */ = {isa = PBXFileReference; fileEncoding = 4; lastKnownFileType = sourcecode.cpp.cpp; path = Body.cpp; sourceTree = "<group>"; };
		E9C7287D199401C800D91BB0 /* Body.h */ = {isa = PBXFileReference; fileEncoding = 4; lastKnownFileType = sourcecode.c.h; path = Body.h; sourceTree = "<group>"; };
		E9C7287E199401C800D91BB0 /* BodyAABB.cpp */ = {isa = PBXFileReference; fileEncoding = 4; lastKnownFileType = sourcecode.cpp.cpp; path = BodyAABB.cpp; sourceTree = "<group>"; };
		E9C7287F199401C800D91BB0 /* BodyAABB.h */ = {isa = PBXFileReference; fileEncoding = 4; lastKnownFileType = sourcecode.c.h; path = BodyAABB.h; sourceTree = "<group>"; };
		E9C72880199401C800D91BB0 /* BodyCircle.cpp */ = {isa = PBXFileReference; fileEncoding = 4; lastKnownFileType = sourcecode.cpp.cpp; path = BodyCircle.cpp; sourceTree = "<group>"; };
		E9C72881199401C800D91BB0 /* BodyCircle.h */ = {isa = PBXFileReference; fileEncoding = 4; lastKnownFileType = sourcecode.c.h; path = BodyCircle.h; sourceTree = "<group>"; };
		E9C72882199401C800D91BB0 /* Circle.cpp */ = {isa = PBXFileReference; fileEncoding = 4; lastKnownFileType = sourcecode.cpp.cpp; path = Circle.cpp; sourceTree = "<group>"; };
		E9C72883199401C800D91BB0 /* Circle.h */ = {isa = PBXFileReference; fileEncoding = 4; lastKnownFileType = sourcecode.c.h; path = Circle.h; sourceTree = "<group>"; };
		E9C72884199401C800D91BB0 /* Collision.cpp */ = {isa = PBXFileReference; fileEncoding = 4; lastKnownFileType = sourcecode.cpp.cpp; path = Collision.cpp; sourceTree = "<group>"; };
		E9C72885199401C800D91BB0 /* Collision.h */ = {isa = PBXFileReference; fileEncoding = 4; lastKnownFileType = sourcecode.c.h; path = Collision.h; sourceTree = "<group>"; };
		E9C72886199401C800D91BB0 /* Physics Engine.h */ = {isa = PBXFileReference; fileEncoding = 4; lastKnownFileType = sourcecode.c.h; path = "Physics Engine.h"; sourceTree = "<group>"; };
		E9C72887199401C800D91BB0 /* PhysicsMaterial.cpp */ = {isa = PBXFileReference; fileEncoding = 4; lastKnownFileType = sourcecode.cpp.cpp; path = PhysicsMaterial.cpp; sourceTree = "<group>"; };
		E9C72888199401C800D91BB0 /* PhysicsMaterial.h */ = {isa = PBXFileReference; fileEncoding = 4; lastKnownFileType = sourcecode.c.h; path = PhysicsMaterial.h; sourceTree = "<group>"; };
		E9C72890199401E500D91BB0 /* Graphics Engine.h */ = {isa = PBXFileReference; fileEncoding = 4; lastKnownFileType = sourcecode.c.h; name = "Graphics Engine.h"; path = "Graphics Engine/Graphics Engine.h"; sourceTree = "<group>"; };
		E9D94682198FDCE20082E1C1 /* BrickpongException.cpp */ = {isa = PBXFileReference; fileEncoding = 4; lastKnownFileType = sourcecode.cpp.cpp; path = BrickpongException.cpp; sourceTree = "<group>"; };
		E9D94683198FDCE20082E1C1 /* BrickpongException.h */ = {isa = PBXFileReference; fileEncoding = 4; lastKnownFileType = sourcecode.c.h; path = BrickpongException.h; sourceTree = "<group>"; };
		E9D94684198FDCE20082E1C1 /* Shader.h */ = {isa = PBXFileReference; fileEncoding = 4; lastKnownFileType = sourcecode.c.h; name = Shader.h; path = "Graphics Engine/Shader.h"; sourceTree = "<group>"; };
		E9D94685198FDCE20082E1C1 /* ShaderProgram.cpp */ = {isa = PBXFileReference; fileEncoding = 4; lastKnownFileType = sourcecode.cpp.cpp; name = ShaderProgram.cpp; path = "Graphics Engine/ShaderProgram.cpp"; sourceTree = "<group>"; };
		E9D94686198FDCE20082E1C1 /* ShaderProgram.h */ = {isa = PBXFileReference; fileEncoding = 4; lastKnownFileType = sourcecode.c.h; name = ShaderProgram.h; path = "Graphics Engine/ShaderProgram.h"; sourceTree = "<group>"; };
		E9D94687198FDCE20082E1C1 /* VAO.cpp */ = {isa = PBXFileReference; fileEncoding = 4; lastKnownFileType = sourcecode.cpp.cpp; name = VAO.cpp; path = "Graphics Engine/VAO.cpp"; sourceTree = "<group>"; };
		E9D94688198FDCE20082E1C1 /* VAO.h */ = {isa = PBXFileReference; fileEncoding = 4; lastKnownFileType = sourcecode.c.h; name = VAO.h; path = "Graphics Engine/VAO.h"; sourceTree = "<group>"; };
		E9D94689198FDCE20082E1C1 /* VBO.cpp */ = {isa = PBXFileReference; fileEncoding = 4; lastKnownFileType = sourcecode.cpp.cpp; name = VBO.cpp; path = "Graphics Engine/VBO.cpp"; sourceTree = "<group>"; };
		E9D9468A198FDCE20082E1C1 /* VBO.h */ = {isa = PBXFileReference; fileEncoding = 4; lastKnownFileType = sourcecode.c.h; name = VBO.h; path = "Graphics Engine/VBO.h"; sourceTree = "<group>"; };
		E9D9468B198FDCE20082E1C1 /* Window.cpp */ = {isa = PBXFileReference; fileEncoding = 4; lastKnownFileType = sourcecode.cpp.cpp; name = Window.cpp; path = "Graphics Engine/Window.cpp"; sourceTree = "<group>"; };
		E9D9468C198FDCE20082E1C1 /* Window.h */ = {isa = PBXFileReference; fileEncoding = 4; lastKnownFileType = sourcecode.c.h; name = Window.h; path = "Graphics Engine/Window.h"; sourceTree = "<group>"; };
		E9D94692198FDCF80082E1C1 /* Shader.cpp */ = {isa = PBXFileReference; fileEncoding = 4; lastKnownFileType = sourcecode.cpp.cpp; name = Shader.cpp; path = "Graphics Engine/Shader.cpp"; sourceTree = "<group>"; };
		E9D9F57E198FEDF900F86DCE /* EBO.cpp */ = {isa = PBXFileReference; fileEncoding = 4; lastKnownFileType = sourcecode.cpp.cpp; name = EBO.cpp; path = "Graphics Engine/EBO.cpp"; sourceTree = "<group>"; };
		E9D9F57F198FEDF900F86DCE /* EBO.h */ = {isa = PBXFileReference; fileEncoding = 4; lastKnownFileType = sourcecode.c.h; name = EBO.h; path = "Graphics Engine/EBO.h"; sourceTree = "<group>"; };
		E9F2A8721968F8690011EAAF /* Brickpong */ = {isa = PBXFileReference; explicitFileType = "compiled.mach-o.executable"; includeInIndex = 0; path = Brickpong; sourceTree = BUILT_PRODUCTS_DIR; };
		E9F2A8751968F8690011EAAF /* main.cpp */ = {isa = PBXFileReference; lastKnownFileType = sourcecode.cpp.cpp; path = main.cpp; sourceTree = "<group>"; };
		E9F2A8841968FE310011EAAF /* OpenGL.framework */ = {isa = PBXFileReference; lastKnownFileType = wrapper.framework; name = OpenGL.framework; path = System/Library/Frameworks/OpenGL.framework; sourceTree = SDKROOT; };
/* End PBXFileReference section */

/* Begin PBXFrameworksBuildPhase section */
		E9F2A86F1968F8690011EAAF /* Frameworks */ = {
			isa = PBXFrameworksBuildPhase;
			buildActionMask = 2147483647;
			files = (
				E9F2A8851968FE310011EAAF /* OpenGL.framework in Frameworks */,
				E9A1BA7719A1357D00CE01B1 /* libglfw.3.1.dylib in Frameworks */,
				E9A1BA7919A1359100CE01B1 /* libassimp64d.3.1.1.dylib in Frameworks */,
				E9A1BA7B19A135A800CE01B1 /* libBox2D.2.3.0.dylib in Frameworks */,
				E96D6F8219A2A6F4004C6BEB /* libfreetype.a in Frameworks */,
			);
			runOnlyForDeploymentPostprocessing = 0;
		};
/* End PBXFrameworksBuildPhase section */

/* Begin PBXGroup section */
		E907F50A198F773C003FE113 /* shaders */ = {
			isa = PBXGroup;
			children = (
				E907F50B198F773C003FE113 /* Simple.frag */,
				E907F50C198F773C003FE113 /* Simple.vert */,
			);
			path = shaders;
			sourceTree = "<group>";
		};
		E908155F1992D98F00885AD0 /* Graphics Engine */ = {
			isa = PBXGroup;
			children = (
				E9C72890199401E500D91BB0 /* Graphics Engine.h */,
				E9D9468C198FDCE20082E1C1 /* Window.h */,
				E9D9468B198FDCE20082E1C1 /* Window.cpp */,
				E9D94684198FDCE20082E1C1 /* Shader.h */,
				E9D94692198FDCF80082E1C1 /* Shader.cpp */,
				E9D94686198FDCE20082E1C1 /* ShaderProgram.h */,
				E9D94685198FDCE20082E1C1 /* ShaderProgram.cpp */,
				E9D94688198FDCE20082E1C1 /* VAO.h */,
				E9D94687198FDCE20082E1C1 /* VAO.cpp */,
				E9D9468A198FDCE20082E1C1 /* VBO.h */,
				E9D94689198FDCE20082E1C1 /* VBO.cpp */,
				E9D9F57F198FEDF900F86DCE /* EBO.h */,
				E9D9F57E198FEDF900F86DCE /* EBO.cpp */,
			);
			name = "Graphics Engine";
			sourceTree = "<group>";
		};
		E9C72879199401C800D91BB0 /* Physics Engine */ = {
			isa = PBXGroup;
			children = (
				E97CE0BC1996B29800FEA53C /* PhysicsSolver.cpp */,
				E97CE0BD1996B29800FEA53C /* PhysicsSolver.h */,
				E9C7287A199401C800D91BB0 /* AABB.cpp */,
				E9C7287B199401C800D91BB0 /* AABB.h */,
				E9C7287C199401C800D91BB0 /* Body.cpp */,
				E9C7287D199401C800D91BB0 /* Body.h */,
				E9C7287E199401C800D91BB0 /* BodyAABB.cpp */,
				E9C7287F199401C800D91BB0 /* BodyAABB.h */,
				E9C72880199401C800D91BB0 /* BodyCircle.cpp */,
				E9C72881199401C800D91BB0 /* BodyCircle.h */,
				E9C72882199401C800D91BB0 /* Circle.cpp */,
				E9C72883199401C800D91BB0 /* Circle.h */,
				E9C72884199401C800D91BB0 /* Collision.cpp */,
				E9C72885199401C800D91BB0 /* Collision.h */,
				E9C72886199401C800D91BB0 /* Physics Engine.h */,
				E9C72887199401C800D91BB0 /* PhysicsMaterial.cpp */,
				E9C72888199401C800D91BB0 /* PhysicsMaterial.h */,
			);
			path = "Physics Engine";
			sourceTree = "<group>";
		};
		E9F2A8691968F8680011EAAF = {
			isa = PBXGroup;
			children = (
				E96D6F8119A2A6F4004C6BEB /* libfreetype.a */,
				E9A1BA7A19A135A800CE01B1 /* libBox2D.2.3.0.dylib */,
				E9A1BA7819A1359100CE01B1 /* libassimp64d.3.1.1.dylib */,
				E9A1BA7619A1357D00CE01B1 /* libglfw.3.1.dylib */,
				E9F2A8841968FE310011EAAF /* OpenGL.framework */,
				E9F2A8741968F8690011EAAF /* Brickpong */,
				E9F2A8731968F8690011EAAF /* Products */,
			);
			sourceTree = "<group>";
		};
		E9F2A8731968F8690011EAAF /* Products */ = {
			isa = PBXGroup;
			children = (
				E9F2A8721968F8690011EAAF /* Brickpong */,
			);
			name = Products;
			sourceTree = "<group>";
		};
		E9F2A8741968F8690011EAAF /* Brickpong */ = {
			isa = PBXGroup;
			children = (
				E9C72879199401C800D91BB0 /* Physics Engine */,
				E9C72878199401BC00D91BB0 /* main.h */,
				E9D94682198FDCE20082E1C1 /* BrickpongException.cpp */,
				E9D94683198FDCE20082E1C1 /* BrickpongException.h */,
				E908155F1992D98F00885AD0 /* Graphics Engine */,
				E907F50A198F773C003FE113 /* shaders */,
				E9F2A8751968F8690011EAAF /* main.cpp */,
			);
			path = Brickpong;
			sourceTree = "<group>";
		};
/* End PBXGroup section */

/* Begin PBXNativeTarget section */
		E9F2A8711968F8690011EAAF /* Brickpong */ = {
			isa = PBXNativeTarget;
			buildConfigurationList = E9F2A87B1968F8690011EAAF /* Build configuration list for PBXNativeTarget "Brickpong" */;
			buildPhases = (
				E9F2A86E1968F8690011EAAF /* Sources */,
				E9F2A86F1968F8690011EAAF /* Frameworks */,
				E9A1BA7E19A135C600CE01B1 /* CopyFiles */,
				E9F2A8701968F8690011EAAF /* CopyFiles */,
			);
			buildRules = (
			);
			dependencies = (
			);
			name = Brickpong;
			productName = Brickpong;
			productReference = E9F2A8721968F8690011EAAF /* Brickpong */;
			productType = "com.apple.product-type.tool";
		};
/* End PBXNativeTarget section */

/* Begin PBXProject section */
		E9F2A86A1968F8680011EAAF /* Project object */ = {
			isa = PBXProject;
			attributes = {
				LastUpgradeCheck = 0510;
				ORGANIZATIONNAME = WSNHiD;
			};
			buildConfigurationList = E9F2A86D1968F8680011EAAF /* Build configuration list for PBXProject "Brickpong" */;
			compatibilityVersion = "Xcode 3.2";
			developmentRegion = English;
			hasScannedForEncodings = 0;
			knownRegions = (
				en,
			);
			mainGroup = E9F2A8691968F8680011EAAF;
			productRefGroup = E9F2A8731968F8690011EAAF /* Products */;
			projectDirPath = "";
			projectRoot = "";
			targets = (
				E9F2A8711968F8690011EAAF /* Brickpong */,
			);
		};
/* End PBXProject section */

/* Begin PBXSourcesBuildPhase section */
		E9F2A86E1968F8690011EAAF /* Sources */ = {
			isa = PBXSourcesBuildPhase;
			buildActionMask = 2147483647;
			files = (
				E97CE0BE1996B29800FEA53C /* PhysicsSolver.cpp in Sources */,
				E9C7288E199401C800D91BB0 /* Collision.cpp in Sources */,
				E9C72889199401C800D91BB0 /* AABB.cpp in Sources */,
				E9D94690198FDCE20082E1C1 /* VBO.cpp in Sources */,
				E9D94691198FDCE20082E1C1 /* Window.cpp in Sources */,
				E9C7288F199401C800D91BB0 /* PhysicsMaterial.cpp in Sources */,
				E9D9468E198FDCE20082E1C1 /* ShaderProgram.cpp in Sources */,
				E9C7288B199401C800D91BB0 /* BodyAABB.cpp in Sources */,
				E9F2A8761968F8690011EAAF /* main.cpp in Sources */,
				E9D94693198FDCF80082E1C1 /* Shader.cpp in Sources */,
				E9C7288D199401C800D91BB0 /* Circle.cpp in Sources */,
				E9D9468F198FDCE20082E1C1 /* VAO.cpp in Sources */,
				E9D9F580198FEDF900F86DCE /* EBO.cpp in Sources */,
				E9D9468D198FDCE20082E1C1 /* BrickpongException.cpp in Sources */,
				E9C7288A199401C800D91BB0 /* Body.cpp in Sources */,
				E9C7288C199401C800D91BB0 /* BodyCircle.cpp in Sources */,
			);
			runOnlyForDeploymentPostprocessing = 0;
		};
/* End PBXSourcesBuildPhase section */

/* Begin XCBuildConfiguration section */
		E9F2A8791968F8690011EAAF /* Debug */ = {
			isa = XCBuildConfiguration;
			buildSettings = {
				ALWAYS_SEARCH_USER_PATHS = NO;
				CLANG_CXX_LANGUAGE_STANDARD = "gnu++0x";
				CLANG_CXX_LIBRARY = "libc++";
				CLANG_ENABLE_MODULES = YES;
				CLANG_ENABLE_OBJC_ARC = YES;
				CLANG_WARN_BOOL_CONVERSION = YES;
				CLANG_WARN_CONSTANT_CONVERSION = YES;
				CLANG_WARN_DIRECT_OBJC_ISA_USAGE = YES_ERROR;
				CLANG_WARN_EMPTY_BODY = YES;
				CLANG_WARN_ENUM_CONVERSION = YES;
				CLANG_WARN_INT_CONVERSION = YES;
				CLANG_WARN_OBJC_ROOT_CLASS = YES_ERROR;
				CLANG_WARN__DUPLICATE_METHOD_MATCH = YES;
				COPY_PHASE_STRIP = NO;
				GCC_C_LANGUAGE_STANDARD = gnu99;
				GCC_DYNAMIC_NO_PIC = NO;
				GCC_ENABLE_OBJC_EXCEPTIONS = YES;
				GCC_OPTIMIZATION_LEVEL = 0;
				GCC_PREPROCESSOR_DEFINITIONS = (
					"DEBUG=1",
					"$(inherited)",
				);
				GCC_SYMBOLS_PRIVATE_EXTERN = NO;
				GCC_WARN_64_TO_32_BIT_CONVERSION = YES;
				GCC_WARN_ABOUT_RETURN_TYPE = YES_ERROR;
				GCC_WARN_UNDECLARED_SELECTOR = YES;
				GCC_WARN_UNINITIALIZED_AUTOS = YES_AGGRESSIVE;
				GCC_WARN_UNUSED_FUNCTION = YES;
				GCC_WARN_UNUSED_VARIABLE = YES;
				MACOSX_DEPLOYMENT_TARGET = 10.9;
				ONLY_ACTIVE_ARCH = YES;
				SDKROOT = macosx;
			};
			name = Debug;
		};
		E9F2A87A1968F8690011EAAF /* Release */ = {
			isa = XCBuildConfiguration;
			buildSettings = {
				ALWAYS_SEARCH_USER_PATHS = NO;
				CLANG_CXX_LANGUAGE_STANDARD = "gnu++0x";
				CLANG_CXX_LIBRARY = "libc++";
				CLANG_ENABLE_MODULES = YES;
				CLANG_ENABLE_OBJC_ARC = YES;
				CLANG_WARN_BOOL_CONVERSION = YES;
				CLANG_WARN_CONSTANT_CONVERSION = YES;
				CLANG_WARN_DIRECT_OBJC_ISA_USAGE = YES_ERROR;
				CLANG_WARN_EMPTY_BODY = YES;
				CLANG_WARN_ENUM_CONVERSION = YES;
				CLANG_WARN_INT_CONVERSION = YES;
				CLANG_WARN_OBJC_ROOT_CLASS = YES_ERROR;
				CLANG_WARN__DUPLICATE_METHOD_MATCH = YES;
				COPY_PHASE_STRIP = YES;
				DEBUG_INFORMATION_FORMAT = "dwarf-with-dsym";
				ENABLE_NS_ASSERTIONS = NO;
				GCC_C_LANGUAGE_STANDARD = gnu99;
				GCC_ENABLE_OBJC_EXCEPTIONS = YES;
				GCC_WARN_64_TO_32_BIT_CONVERSION = YES;
				GCC_WARN_ABOUT_RETURN_TYPE = YES_ERROR;
				GCC_WARN_UNDECLARED_SELECTOR = YES;
				GCC_WARN_UNINITIALIZED_AUTOS = YES_AGGRESSIVE;
				GCC_WARN_UNUSED_FUNCTION = YES;
				GCC_WARN_UNUSED_VARIABLE = YES;
				MACOSX_DEPLOYMENT_TARGET = 10.9;
				SDKROOT = macosx;
			};
			name = Release;
		};
		E9F2A87C1968F8690011EAAF /* Debug */ = {
			isa = XCBuildConfiguration;
			buildSettings = {
				ALWAYS_SEARCH_USER_PATHS = YES;
				FRAMEWORK_SEARCH_PATHS = "";
				HEADER_SEARCH_PATHS = (
					"$(inherited)",
					"/Applications/Xcode6-Beta4.app/Contents/Developer/Toolchains/XcodeDefault.xctoolchain/usr/include",
					"../biblioteki/build/glfw/osx/include/**",
					"../biblioteki/build/glm/osx/include/**",
					"../biblioteki/build/assimp/osx/include/**",
					"../biblioteki/build/box2d/osx/include/**",
					"../biblioteki/build/freetype/osx/include/**",
				);
				LIBRARY_SEARCH_PATHS = (
					"$(inherited)",
					../biblioteki/build/glfw/osx/lib64,
					../biblioteki/build/assimp/osx/lib,
					../biblioteki/build/box2d/osx/lib,
					../biblioteki/build/freetype/osx/lib,
				);
				PRODUCT_NAME = "$(TARGET_NAME)";
				USER_HEADER_SEARCH_PATHS = "";
			};
			name = Debug;
		};
		E9F2A87D1968F8690011EAAF /* Release */ = {
			isa = XCBuildConfiguration;
			buildSettings = {
				ALWAYS_SEARCH_USER_PATHS = YES;
				FRAMEWORK_SEARCH_PATHS = "";
				HEADER_SEARCH_PATHS = (
					"$(inherited)",
					"/Applications/Xcode6-Beta4.app/Contents/Developer/Toolchains/XcodeDefault.xctoolchain/usr/include",
					"../biblioteki/build/glfw/osx/include/**",
					"../biblioteki/build/glm/osx/include/**",
					"../biblioteki/build/assimp/osx/include/**",
					"../biblioteki/build/box2d/osx/include/**",
					"../biblioteki/build/freetype/osx/include/**",
				);
				LIBRARY_SEARCH_PATHS = (
					"$(inherited)",
					../biblioteki/build/glfw/osx/lib64,
					../biblioteki/build/assimp/osx/lib,
					../biblioteki/build/box2d/osx/lib,
					../biblioteki/build/freetype/osx/lib,
				);
				PRODUCT_NAME = "$(TARGET_NAME)";
				USER_HEADER_SEARCH_PATHS = "";
			};
			name = Release;
		};
/* End XCBuildConfiguration section */

/* Begin XCConfigurationList section */
		E9F2A86D1968F8680011EAAF /* Build configuration list for PBXProject "Brickpong" */ = {
			isa = XCConfigurationList;
			buildConfigurations = (
				E9F2A8791968F8690011EAAF /* Debug */,
				E9F2A87A1968F8690011EAAF /* Release */,
			);
			defaultConfigurationIsVisible = 0;
			defaultConfigurationName = Release;
		};
		E9F2A87B1968F8690011EAAF /* Build configuration list for PBXNativeTarget "Brickpong" */ = {
			isa = XCConfigurationList;
			buildConfigurations = (
				E9F2A87C1968F8690011EAAF /* Debug */,
				E9F2A87D1968F8690011EAAF /* Release */,
			);
			defaultConfigurationIsVisible = 0;
			defaultConfigurationName = Release;
		};
/* End XCConfigurationList section */
	};
	rootObject = E9F2A86A1968F8680011EAAF /* Project object */;
}
